# This file was autogenerated by Stack.
# You should not edit this file by hand.
# For more information, please see the documentation at:
#   https://docs.haskellstack.org/en/stable/lock_files

packages: []
snapshots:
- completed:
    sha256: f6666a91f63dae89e47da2be54f79c8819601dfacf53fd7015fec1454864892e
    size: 678851
    url: https://raw.githubusercontent.com/commercialhaskell/stackage-snapshots/master/nightly/2024/12/3.yaml
  original: nightly-2024-12-03
